// !$*UTF8*$!
{
	archiveVersion = 1;
	classes = {
	};
	objectVersion = 56;
	objects = {

/* Begin PBXBuildFile section */
		9E2292882B5B88360060F824 /* AppDelegate.swift in Sources */ = {isa = PBXBuildFile; fileRef = 9E2292872B5B88360060F824 /* AppDelegate.swift */; };
		9E22928A2B5B88360060F824 /* SceneDelegate.swift in Sources */ = {isa = PBXBuildFile; fileRef = 9E2292892B5B88360060F824 /* SceneDelegate.swift */; };
		9E22928C2B5B88360060F824 /* WelcomeViewController.swift in Sources */ = {isa = PBXBuildFile; fileRef = 9E22928B2B5B88360060F824 /* WelcomeViewController.swift */; };
		9E2292912B5B88380060F824 /* Assets.xcassets in Resources */ = {isa = PBXBuildFile; fileRef = 9E2292902B5B88380060F824 /* Assets.xcassets */; };
		9E2292942B5B88380060F824 /* LaunchScreen.storyboard in Resources */ = {isa = PBXBuildFile; fileRef = 9E2292922B5B88380060F824 /* LaunchScreen.storyboard */; };
		9E2292A22B5B8AF30060F824 /* Networkservice.swift in Sources */ = {isa = PBXBuildFile; fileRef = 9E2292A12B5B8AF30060F824 /* Networkservice.swift */; };
		9E2292A52B5B8BAC0060F824 /* Alamofire in Frameworks */ = {isa = PBXBuildFile; productRef = 9E2292A42B5B8BAC0060F824 /* Alamofire */; };
		9E7CD2FA2B6010C100A858F0 /* SnapKit in Frameworks */ = {isa = PBXBuildFile; productRef = 9E7CD2F92B6010C100A858F0 /* SnapKit */; };
		9E7CD2FC2B6010C100A858F0 /* SnapKit-Dynamic in Frameworks */ = {isa = PBXBuildFile; productRef = 9E7CD2FB2B6010C100A858F0 /* SnapKit-Dynamic */; };
		9E7CD2FF2B60161600A858F0 /* AppImage.swift in Sources */ = {isa = PBXBuildFile; fileRef = 9E7CD2FE2B60161600A858F0 /* AppImage.swift */; };
		9E7CD3012B60163800A858F0 /* AppColor.swift in Sources */ = {isa = PBXBuildFile; fileRef = 9E7CD3002B60163800A858F0 /* AppColor.swift */; };
		9E7CD3082B601E0900A858F0 /* DashboardViewController.swift in Sources */ = {isa = PBXBuildFile; fileRef = 9E7CD3072B601E0900A858F0 /* DashboardViewController.swift */; };
		9E7CD30A2B601E1B00A858F0 /* MyPoliciesViewController.swift in Sources */ = {isa = PBXBuildFile; fileRef = 9E7CD3092B601E1B00A858F0 /* MyPoliciesViewController.swift */; };
		9E7CD30C2B601E2E00A858F0 /* InsuranceCaseViewController.swift in Sources */ = {isa = PBXBuildFile; fileRef = 9E7CD30B2B601E2E00A858F0 /* InsuranceCaseViewController.swift */; };
		9E7CD30E2B601E3B00A858F0 /* ProfileViewController.swift in Sources */ = {isa = PBXBuildFile; fileRef = 9E7CD30D2B601E3B00A858F0 /* ProfileViewController.swift */; };
		9E7CD3122B602B1900A858F0 /* ProfileView.swift in Sources */ = {isa = PBXBuildFile; fileRef = 9E7CD3112B602B1900A858F0 /* ProfileView.swift */; };
		9E7CD3152B6123FE00A858F0 /* BannersTableViewCell.swift in Sources */ = {isa = PBXBuildFile; fileRef = 9E7CD3142B6123FE00A858F0 /* BannersTableViewCell.swift */; };
		9E7CD3182B6128C000A858F0 /* PagingCollectionViewLayout.swift in Sources */ = {isa = PBXBuildFile; fileRef = 9E7CD3172B6128C000A858F0 /* PagingCollectionViewLayout.swift */; };
		9E7CD31A2B61364700A858F0 /* ActionsTableView.swift in Sources */ = {isa = PBXBuildFile; fileRef = 9E7CD3192B61364700A858F0 /* ActionsTableView.swift */; };
		9EF2AB952B63EEB800DDD997 /* BannerCollectionViewCell.swift in Sources */ = {isa = PBXBuildFile; fileRef = 9EF2AB942B63EEB800DDD997 /* BannerCollectionViewCell.swift */; };
		9EF2AB972B641A0C00DDD997 /* ActionCollectionViewCell.swift in Sources */ = {isa = PBXBuildFile; fileRef = 9EF2AB962B641A0C00DDD997 /* ActionCollectionViewCell.swift */; };
/* End PBXBuildFile section */

/* Begin PBXFileReference section */
		9E2292842B5B88360060F824 /* hackathonHalyk.app */ = {isa = PBXFileReference; explicitFileType = wrapper.application; includeInIndex = 0; path = hackathonHalyk.app; sourceTree = BUILT_PRODUCTS_DIR; };
		9E2292872B5B88360060F824 /* AppDelegate.swift */ = {isa = PBXFileReference; lastKnownFileType = sourcecode.swift; path = AppDelegate.swift; sourceTree = "<group>"; };
		9E2292892B5B88360060F824 /* SceneDelegate.swift */ = {isa = PBXFileReference; lastKnownFileType = sourcecode.swift; path = SceneDelegate.swift; sourceTree = "<group>"; };
		9E22928B2B5B88360060F824 /* WelcomeViewController.swift */ = {isa = PBXFileReference; lastKnownFileType = sourcecode.swift; path = WelcomeViewController.swift; sourceTree = "<group>"; };
		9E2292902B5B88380060F824 /* Assets.xcassets */ = {isa = PBXFileReference; lastKnownFileType = folder.assetcatalog; path = Assets.xcassets; sourceTree = "<group>"; };
		9E2292932B5B88380060F824 /* Base */ = {isa = PBXFileReference; lastKnownFileType = file.storyboard; name = Base; path = Base.lproj/LaunchScreen.storyboard; sourceTree = "<group>"; };
		9E2292952B5B88380060F824 /* Info.plist */ = {isa = PBXFileReference; lastKnownFileType = text.plist.xml; path = Info.plist; sourceTree = "<group>"; };
		9E2292A12B5B8AF30060F824 /* Networkservice.swift */ = {isa = PBXFileReference; lastKnownFileType = sourcecode.swift; path = Networkservice.swift; sourceTree = "<group>"; };
		9E7CD2FE2B60161600A858F0 /* AppImage.swift */ = {isa = PBXFileReference; lastKnownFileType = sourcecode.swift; path = AppImage.swift; sourceTree = "<group>"; };
		9E7CD3002B60163800A858F0 /* AppColor.swift */ = {isa = PBXFileReference; lastKnownFileType = sourcecode.swift; path = AppColor.swift; sourceTree = "<group>"; };
		9E7CD3072B601E0900A858F0 /* DashboardViewController.swift */ = {isa = PBXFileReference; lastKnownFileType = sourcecode.swift; path = DashboardViewController.swift; sourceTree = "<group>"; };
		9E7CD3092B601E1B00A858F0 /* MyPoliciesViewController.swift */ = {isa = PBXFileReference; lastKnownFileType = sourcecode.swift; path = MyPoliciesViewController.swift; sourceTree = "<group>"; };
		9E7CD30B2B601E2E00A858F0 /* InsuranceCaseViewController.swift */ = {isa = PBXFileReference; lastKnownFileType = sourcecode.swift; path = InsuranceCaseViewController.swift; sourceTree = "<group>"; };
		9E7CD30D2B601E3B00A858F0 /* ProfileViewController.swift */ = {isa = PBXFileReference; lastKnownFileType = sourcecode.swift; path = ProfileViewController.swift; sourceTree = "<group>"; };
		9E7CD3112B602B1900A858F0 /* ProfileView.swift */ = {isa = PBXFileReference; lastKnownFileType = sourcecode.swift; path = ProfileView.swift; sourceTree = "<group>"; };
		9E7CD3142B6123FE00A858F0 /* BannersTableViewCell.swift */ = {isa = PBXFileReference; lastKnownFileType = sourcecode.swift; path = BannersTableViewCell.swift; sourceTree = "<group>"; };
		9E7CD3172B6128C000A858F0 /* PagingCollectionViewLayout.swift */ = {isa = PBXFileReference; lastKnownFileType = sourcecode.swift; path = PagingCollectionViewLayout.swift; sourceTree = "<group>"; };
		9E7CD3192B61364700A858F0 /* ActionsTableView.swift */ = {isa = PBXFileReference; lastKnownFileType = sourcecode.swift; path = ActionsTableView.swift; sourceTree = "<group>"; };
		9EF2AB942B63EEB800DDD997 /* BannerCollectionViewCell.swift */ = {isa = PBXFileReference; lastKnownFileType = sourcecode.swift; path = BannerCollectionViewCell.swift; sourceTree = "<group>"; };
		9EF2AB962B641A0C00DDD997 /* ActionCollectionViewCell.swift */ = {isa = PBXFileReference; lastKnownFileType = sourcecode.swift; path = ActionCollectionViewCell.swift; sourceTree = "<group>"; };
/* End PBXFileReference section */

/* Begin PBXFrameworksBuildPhase section */
		9E2292812B5B88360060F824 /* Frameworks */ = {
			isa = PBXFrameworksBuildPhase;
			buildActionMask = 2147483647;
			files = (
				9E2292A52B5B8BAC0060F824 /* Alamofire in Frameworks */,
				9E7CD2FA2B6010C100A858F0 /* SnapKit in Frameworks */,
				9E7CD2FC2B6010C100A858F0 /* SnapKit-Dynamic in Frameworks */,
			);
			runOnlyForDeploymentPostprocessing = 0;
		};
/* End PBXFrameworksBuildPhase section */

/* Begin PBXGroup section */
		9E22927B2B5B88360060F824 = {
			isa = PBXGroup;
			children = (
				9E2292862B5B88360060F824 /* hackathonHalyk */,
				9E2292852B5B88360060F824 /* Products */,
			);
			sourceTree = "<group>";
		};
		9E2292852B5B88360060F824 /* Products */ = {
			isa = PBXGroup;
			children = (
				9E2292842B5B88360060F824 /* hackathonHalyk.app */,
			);
			name = Products;
			sourceTree = "<group>";
		};
		9E2292862B5B88360060F824 /* hackathonHalyk */ = {
			isa = PBXGroup;
			children = (
				9E22929B2B5B88710060F824 /* App */,
				9E7CD2FD2B60160400A858F0 /* Common */,
				9E2292A02B5B8AC50060F824 /* Services */,
				9E22929D2B5B887F0060F824 /* Modules */,
				9E22929F2B5B88A20060F824 /* Resources */,
			);
			path = hackathonHalyk;
			sourceTree = "<group>";
		};
		9E22929B2B5B88710060F824 /* App */ = {
			isa = PBXGroup;
			children = (
				9E2292872B5B88360060F824 /* AppDelegate.swift */,
				9E2292892B5B88360060F824 /* SceneDelegate.swift */,
			);
			path = App;
			sourceTree = "<group>";
		};
		9E22929D2B5B887F0060F824 /* Modules */ = {
			isa = PBXGroup;
			children = (
				9E7CD3102B602B0B00A858F0 /* Common */,
				9E7CD3062B601DD500A858F0 /* Profile */,
				9E7CD3052B601DB900A858F0 /* Insurance Case */,
				9E7CD3042B601DB100A858F0 /* My Policies */,
				9E7CD3032B601DA600A858F0 /* Dashboard */,
				9E22929E2B5B88960060F824 /* Welcome */,
			);
			path = Modules;
			sourceTree = "<group>";
		};
		9E22929E2B5B88960060F824 /* Welcome */ = {
			isa = PBXGroup;
			children = (
				9E22928B2B5B88360060F824 /* WelcomeViewController.swift */,
			);
			path = Welcome;
			sourceTree = "<group>";
		};
		9E22929F2B5B88A20060F824 /* Resources */ = {
			isa = PBXGroup;
			children = (
				9E2292902B5B88380060F824 /* Assets.xcassets */,
				9E2292922B5B88380060F824 /* LaunchScreen.storyboard */,
				9E2292952B5B88380060F824 /* Info.plist */,
			);
			path = Resources;
			sourceTree = "<group>";
		};
		9E2292A02B5B8AC50060F824 /* Services */ = {
			isa = PBXGroup;
			children = (
				9E2292A12B5B8AF30060F824 /* Networkservice.swift */,
			);
			path = Services;
			sourceTree = "<group>";
		};
		9E7CD2FD2B60160400A858F0 /* Common */ = {
			isa = PBXGroup;
			children = (
				9E7CD2FE2B60161600A858F0 /* AppImage.swift */,
				9E7CD3002B60163800A858F0 /* AppColor.swift */,
			);
			path = Common;
			sourceTree = "<group>";
		};
		9E7CD3032B601DA600A858F0 /* Dashboard */ = {
			isa = PBXGroup;
			children = (
				9E7CD3132B61238F00A858F0 /* Cells */,
				9E7CD3072B601E0900A858F0 /* DashboardViewController.swift */,
			);
			path = Dashboard;
			sourceTree = "<group>";
		};
		9E7CD3042B601DB100A858F0 /* My Policies */ = {
			isa = PBXGroup;
			children = (
				9E7CD3162B6128B200A858F0 /* SupportUI  */,
				9E7CD3092B601E1B00A858F0 /* MyPoliciesViewController.swift */,
			);
			path = "My Policies";
			sourceTree = "<group>";
		};
		9E7CD3052B601DB900A858F0 /* Insurance Case */ = {
			isa = PBXGroup;
			children = (
				9E7CD30B2B601E2E00A858F0 /* InsuranceCaseViewController.swift */,
			);
			path = "Insurance Case";
			sourceTree = "<group>";
		};
		9E7CD3062B601DD500A858F0 /* Profile */ = {
			isa = PBXGroup;
			children = (
				9E7CD30D2B601E3B00A858F0 /* ProfileViewController.swift */,
			);
			path = Profile;
			sourceTree = "<group>";
		};
		9E7CD3102B602B0B00A858F0 /* Common */ = {
			isa = PBXGroup;
			children = (
				9E7CD3112B602B1900A858F0 /* ProfileView.swift */,
			);
			path = Common;
			sourceTree = "<group>";
		};
		9E7CD3132B61238F00A858F0 /* Cells */ = {
			isa = PBXGroup;
			children = (
				9E7CD3142B6123FE00A858F0 /* BannersTableViewCell.swift */,
				9E7CD3192B61364700A858F0 /* ActionsTableView.swift */,
				9EF2AB962B641A0C00DDD997 /* ActionCollectionViewCell.swift */,
				9EF2AB942B63EEB800DDD997 /* BannerCollectionViewCell.swift */,
			);
			path = Cells;
			sourceTree = "<group>";
		};
		9E7CD3162B6128B200A858F0 /* SupportUI  */ = {
			isa = PBXGroup;
			children = (
				9E7CD3172B6128C000A858F0 /* PagingCollectionViewLayout.swift */,
			);
			path = "SupportUI ";
			sourceTree = "<group>";
		};
/* End PBXGroup section */

/* Begin PBXNativeTarget section */
		9E2292832B5B88360060F824 /* hackathonHalyk */ = {
			isa = PBXNativeTarget;
			buildConfigurationList = 9E2292982B5B88380060F824 /* Build configuration list for PBXNativeTarget "hackathonHalyk" */;
			buildPhases = (
				9E2292802B5B88360060F824 /* Sources */,
				9E2292812B5B88360060F824 /* Frameworks */,
				9E2292822B5B88360060F824 /* Resources */,
			);
			buildRules = (
			);
			dependencies = (
			);
			name = hackathonHalyk;
			packageProductDependencies = (
				9E2292A42B5B8BAC0060F824 /* Alamofire */,
				9E7CD2F92B6010C100A858F0 /* SnapKit */,
				9E7CD2FB2B6010C100A858F0 /* SnapKit-Dynamic */,
			);
			productName = hackathonHalyk;
			productReference = 9E2292842B5B88360060F824 /* hackathonHalyk.app */;
			productType = "com.apple.product-type.application";
		};
/* End PBXNativeTarget section */

/* Begin PBXProject section */
		9E22927C2B5B88360060F824 /* Project object */ = {
			isa = PBXProject;
			attributes = {
				BuildIndependentTargetsInParallel = 1;
				LastSwiftUpdateCheck = 1500;
				LastUpgradeCheck = 1500;
				TargetAttributes = {
					9E2292832B5B88360060F824 = {
						CreatedOnToolsVersion = 15.0;
					};
				};
			};
			buildConfigurationList = 9E22927F2B5B88360060F824 /* Build configuration list for PBXProject "hackathonHalyk" */;
			compatibilityVersion = "Xcode 14.0";
			developmentRegion = en;
			hasScannedForEncodings = 0;
			knownRegions = (
				en,
				Base,
			);
			mainGroup = 9E22927B2B5B88360060F824;
			packageReferences = (
				9E2292A32B5B8BAC0060F824 /* XCRemoteSwiftPackageReference "Alamofire" */,
				9E7CD2F82B6010C100A858F0 /* XCRemoteSwiftPackageReference "SnapKit" */,
			);
			productRefGroup = 9E2292852B5B88360060F824 /* Products */;
			projectDirPath = "";
			projectRoot = "";
			targets = (
				9E2292832B5B88360060F824 /* hackathonHalyk */,
			);
		};
/* End PBXProject section */

/* Begin PBXResourcesBuildPhase section */
		9E2292822B5B88360060F824 /* Resources */ = {
			isa = PBXResourcesBuildPhase;
			buildActionMask = 2147483647;
			files = (
				9E2292942B5B88380060F824 /* LaunchScreen.storyboard in Resources */,
				9E2292912B5B88380060F824 /* Assets.xcassets in Resources */,
			);
			runOnlyForDeploymentPostprocessing = 0;
		};
/* End PBXResourcesBuildPhase section */

/* Begin PBXSourcesBuildPhase section */
		9E2292802B5B88360060F824 /* Sources */ = {
			isa = PBXSourcesBuildPhase;
			buildActionMask = 2147483647;
			files = (
				9E7CD3182B6128C000A858F0 /* PagingCollectionViewLayout.swift in Sources */,
				9E22928C2B5B88360060F824 /* WelcomeViewController.swift in Sources */,
				9E7CD3082B601E0900A858F0 /* DashboardViewController.swift in Sources */,
				9EF2AB952B63EEB800DDD997 /* BannerCollectionViewCell.swift in Sources */,
				9E7CD30E2B601E3B00A858F0 /* ProfileViewController.swift in Sources */,
				9E2292882B5B88360060F824 /* AppDelegate.swift in Sources */,
				9E2292A22B5B8AF30060F824 /* Networkservice.swift in Sources */,
				9E7CD30C2B601E2E00A858F0 /* InsuranceCaseViewController.swift in Sources */,
				9E22928A2B5B88360060F824 /* SceneDelegate.swift in Sources */,
				9E7CD2FF2B60161600A858F0 /* AppImage.swift in Sources */,
				9E7CD30A2B601E1B00A858F0 /* MyPoliciesViewController.swift in Sources */,
				9E7CD3152B6123FE00A858F0 /* BannersTableViewCell.swift in Sources */,
				9E7CD3122B602B1900A858F0 /* ProfileView.swift in Sources */,
				9E7CD3012B60163800A858F0 /* AppColor.swift in Sources */,
				9EF2AB972B641A0C00DDD997 /* ActionCollectionViewCell.swift in Sources */,
				9E7CD31A2B61364700A858F0 /* ActionsTableView.swift in Sources */,
			);
			runOnlyForDeploymentPostprocessing = 0;
		};
/* End PBXSourcesBuildPhase section */

/* Begin PBXVariantGroup section */
		9E2292922B5B88380060F824 /* LaunchScreen.storyboard */ = {
			isa = PBXVariantGroup;
			children = (
				9E2292932B5B88380060F824 /* Base */,
			);
			name = LaunchScreen.storyboard;
			sourceTree = "<group>";
		};
/* End PBXVariantGroup section */

/* Begin XCBuildConfiguration section */
		9E2292962B5B88380060F824 /* Debug */ = {
			isa = XCBuildConfiguration;
			buildSettings = {
				ALWAYS_SEARCH_USER_PATHS = NO;
				ASSETCATALOG_COMPILER_GENERATE_SWIFT_ASSET_SYMBOL_EXTENSIONS = YES;
				CLANG_ANALYZER_NONNULL = YES;
				CLANG_ANALYZER_NUMBER_OBJECT_CONVERSION = YES_AGGRESSIVE;
				CLANG_CXX_LANGUAGE_STANDARD = "gnu++20";
				CLANG_ENABLE_MODULES = YES;
				CLANG_ENABLE_OBJC_ARC = YES;
				CLANG_ENABLE_OBJC_WEAK = YES;
				CLANG_WARN_BLOCK_CAPTURE_AUTORELEASING = YES;
				CLANG_WARN_BOOL_CONVERSION = YES;
				CLANG_WARN_COMMA = YES;
				CLANG_WARN_CONSTANT_CONVERSION = YES;
				CLANG_WARN_DEPRECATED_OBJC_IMPLEMENTATIONS = YES;
				CLANG_WARN_DIRECT_OBJC_ISA_USAGE = YES_ERROR;
				CLANG_WARN_DOCUMENTATION_COMMENTS = YES;
				CLANG_WARN_EMPTY_BODY = YES;
				CLANG_WARN_ENUM_CONVERSION = YES;
				CLANG_WARN_INFINITE_RECURSION = YES;
				CLANG_WARN_INT_CONVERSION = YES;
				CLANG_WARN_NON_LITERAL_NULL_CONVERSION = YES;
				CLANG_WARN_OBJC_IMPLICIT_RETAIN_SELF = YES;
				CLANG_WARN_OBJC_LITERAL_CONVERSION = YES;
				CLANG_WARN_OBJC_ROOT_CLASS = YES_ERROR;
				CLANG_WARN_QUOTED_INCLUDE_IN_FRAMEWORK_HEADER = YES;
				CLANG_WARN_RANGE_LOOP_ANALYSIS = YES;
				CLANG_WARN_STRICT_PROTOTYPES = YES;
				CLANG_WARN_SUSPICIOUS_MOVE = YES;
				CLANG_WARN_UNGUARDED_AVAILABILITY = YES_AGGRESSIVE;
				CLANG_WARN_UNREACHABLE_CODE = YES;
				CLANG_WARN__DUPLICATE_METHOD_MATCH = YES;
				COPY_PHASE_STRIP = NO;
				DEBUG_INFORMATION_FORMAT = dwarf;
				ENABLE_STRICT_OBJC_MSGSEND = YES;
				ENABLE_TESTABILITY = YES;
				ENABLE_USER_SCRIPT_SANDBOXING = YES;
				GCC_C_LANGUAGE_STANDARD = gnu17;
				GCC_DYNAMIC_NO_PIC = NO;
				GCC_NO_COMMON_BLOCKS = YES;
				GCC_OPTIMIZATION_LEVEL = 0;
				GCC_PREPROCESSOR_DEFINITIONS = (
					"DEBUG=1",
					"$(inherited)",
				);
				GCC_WARN_64_TO_32_BIT_CONVERSION = YES;
				GCC_WARN_ABOUT_RETURN_TYPE = YES_ERROR;
				GCC_WARN_UNDECLARED_SELECTOR = YES;
				GCC_WARN_UNINITIALIZED_AUTOS = YES_AGGRESSIVE;
				GCC_WARN_UNUSED_FUNCTION = YES;
				GCC_WARN_UNUSED_VARIABLE = YES;
				IPHONEOS_DEPLOYMENT_TARGET = 17.0;
				LOCALIZATION_PREFERS_STRING_CATALOGS = YES;
				MTL_ENABLE_DEBUG_INFO = INCLUDE_SOURCE;
				MTL_FAST_MATH = YES;
				ONLY_ACTIVE_ARCH = YES;
				SDKROOT = iphoneos;
				SWIFT_ACTIVE_COMPILATION_CONDITIONS = "DEBUG $(inherited)";
				SWIFT_OPTIMIZATION_LEVEL = "-Onone";
			};
			name = Debug;
		};
		9E2292972B5B88380060F824 /* Release */ = {
			isa = XCBuildConfiguration;
			buildSettings = {
				ALWAYS_SEARCH_USER_PATHS = NO;
				ASSETCATALOG_COMPILER_GENERATE_SWIFT_ASSET_SYMBOL_EXTENSIONS = YES;
				CLANG_ANALYZER_NONNULL = YES;
				CLANG_ANALYZER_NUMBER_OBJECT_CONVERSION = YES_AGGRESSIVE;
				CLANG_CXX_LANGUAGE_STANDARD = "gnu++20";
				CLANG_ENABLE_MODULES = YES;
				CLANG_ENABLE_OBJC_ARC = YES;
				CLANG_ENABLE_OBJC_WEAK = YES;
				CLANG_WARN_BLOCK_CAPTURE_AUTORELEASING = YES;
				CLANG_WARN_BOOL_CONVERSION = YES;
				CLANG_WARN_COMMA = YES;
				CLANG_WARN_CONSTANT_CONVERSION = YES;
				CLANG_WARN_DEPRECATED_OBJC_IMPLEMENTATIONS = YES;
				CLANG_WARN_DIRECT_OBJC_ISA_USAGE = YES_ERROR;
				CLANG_WARN_DOCUMENTATION_COMMENTS = YES;
				CLANG_WARN_EMPTY_BODY = YES;
				CLANG_WARN_ENUM_CONVERSION = YES;
				CLANG_WARN_INFINITE_RECURSION = YES;
				CLANG_WARN_INT_CONVERSION = YES;
				CLANG_WARN_NON_LITERAL_NULL_CONVERSION = YES;
				CLANG_WARN_OBJC_IMPLICIT_RETAIN_SELF = YES;
				CLANG_WARN_OBJC_LITERAL_CONVERSION = YES;
				CLANG_WARN_OBJC_ROOT_CLASS = YES_ERROR;
				CLANG_WARN_QUOTED_INCLUDE_IN_FRAMEWORK_HEADER = YES;
				CLANG_WARN_RANGE_LOOP_ANALYSIS = YES;
				CLANG_WARN_STRICT_PROTOTYPES = YES;
				CLANG_WARN_SUSPICIOUS_MOVE = YES;
				CLANG_WARN_UNGUARDED_AVAILABILITY = YES_AGGRESSIVE;
				CLANG_WARN_UNREACHABLE_CODE = YES;
				CLANG_WARN__DUPLICATE_METHOD_MATCH = YES;
				COPY_PHASE_STRIP = NO;
				DEBUG_INFORMATION_FORMAT = "dwarf-with-dsym";
				ENABLE_NS_ASSERTIONS = NO;
				ENABLE_STRICT_OBJC_MSGSEND = YES;
				ENABLE_USER_SCRIPT_SANDBOXING = YES;
				GCC_C_LANGUAGE_STANDARD = gnu17;
				GCC_NO_COMMON_BLOCKS = YES;
				GCC_WARN_64_TO_32_BIT_CONVERSION = YES;
				GCC_WARN_ABOUT_RETURN_TYPE = YES_ERROR;
				GCC_WARN_UNDECLARED_SELECTOR = YES;
				GCC_WARN_UNINITIALIZED_AUTOS = YES_AGGRESSIVE;
				GCC_WARN_UNUSED_FUNCTION = YES;
				GCC_WARN_UNUSED_VARIABLE = YES;
				IPHONEOS_DEPLOYMENT_TARGET = 17.0;
				LOCALIZATION_PREFERS_STRING_CATALOGS = YES;
				MTL_ENABLE_DEBUG_INFO = NO;
				MTL_FAST_MATH = YES;
				SDKROOT = iphoneos;
				SWIFT_COMPILATION_MODE = wholemodule;
				VALIDATE_PRODUCT = YES;
			};
			name = Release;
		};
		9E2292992B5B88380060F824 /* Debug */ = {
			isa = XCBuildConfiguration;
			buildSettings = {
				ASSETCATALOG_COMPILER_APPICON_NAME = AppIcon;
				ASSETCATALOG_COMPILER_GLOBAL_ACCENT_COLOR_NAME = AccentColor;
				CODE_SIGN_STYLE = Automatic;
				CURRENT_PROJECT_VERSION = 1;
				DEVELOPMENT_TEAM = 532GA5V6NJ;
				GENERATE_INFOPLIST_FILE = YES;
				INFOPLIST_FILE = hackathonHalyk/Resources/Info.plist;
				INFOPLIST_KEY_UIApplicationSupportsIndirectInputEvents = YES;
				INFOPLIST_KEY_UILaunchStoryboardName = LaunchScreen;
				INFOPLIST_KEY_UISupportedInterfaceOrientations = UIInterfaceOrientationPortrait;
				INFOPLIST_KEY_UISupportedInterfaceOrientations_iPad = "UIInterfaceOrientationLandscapeLeft UIInterfaceOrientationLandscapeRight UIInterfaceOrientationPortrait UIInterfaceOrientationPortraitUpsideDown";
				LD_RUNPATH_SEARCH_PATHS = (
					"$(inherited)",
					"@executable_path/Frameworks",
				);
				MARKETING_VERSION = 1.0;
				PRODUCT_BUNDLE_IDENTIFIER = com.naariman.hackathonHalyk;
				PRODUCT_NAME = "$(TARGET_NAME)";
				SUPPORTED_PLATFORMS = "iphoneos iphonesimulator";
				SUPPORTS_MACCATALYST = NO;
				SUPPORTS_MAC_DESIGNED_FOR_IPHONE_IPAD = NO;
				SWIFT_EMIT_LOC_STRINGS = YES;
				SWIFT_VERSION = 5.0;
				TARGETED_DEVICE_FAMILY = 1;
			};
			name = Debug;
		};
		9E22929A2B5B88380060F824 /* Release */ = {
			isa = XCBuildConfiguration;
			buildSettings = {
				ASSETCATALOG_COMPILER_APPICON_NAME = AppIcon;
				ASSETCATALOG_COMPILER_GLOBAL_ACCENT_COLOR_NAME = AccentColor;
				CODE_SIGN_STYLE = Automatic;
				CURRENT_PROJECT_VERSION = 1;
				DEVELOPMENT_TEAM = 532GA5V6NJ;
				GENERATE_INFOPLIST_FILE = YES;
				INFOPLIST_FILE = hackathonHalyk/Resources/Info.plist;
				INFOPLIST_KEY_UIApplicationSupportsIndirectInputEvents = YES;
				INFOPLIST_KEY_UILaunchStoryboardName = LaunchScreen;
				INFOPLIST_KEY_UISupportedInterfaceOrientations = UIInterfaceOrientationPortrait;
				INFOPLIST_KEY_UISupportedInterfaceOrientations_iPad = "UIInterfaceOrientationLandscapeLeft UIInterfaceOrientationLandscapeRight UIInterfaceOrientationPortrait UIInterfaceOrientationPortraitUpsideDown";
				LD_RUNPATH_SEARCH_PATHS = (
					"$(inherited)",
					"@executable_path/Frameworks",
				);
				MARKETING_VERSION = 1.0;
				PRODUCT_BUNDLE_IDENTIFIER = com.naariman.hackathonHalyk;
				PRODUCT_NAME = "$(TARGET_NAME)";
				SUPPORTED_PLATFORMS = "iphoneos iphonesimulator";
				SUPPORTS_MACCATALYST = NO;
				SUPPORTS_MAC_DESIGNED_FOR_IPHONE_IPAD = NO;
				SWIFT_EMIT_LOC_STRINGS = YES;
				SWIFT_VERSION = 5.0;
				TARGETED_DEVICE_FAMILY = 1;
			};
			name = Release;
		};
/* End XCBuildConfiguration section */

/* Begin XCConfigurationList section */
		9E22927F2B5B88360060F824 /* Build configuration list for PBXProject "hackathonHalyk" */ = {
			isa = XCConfigurationList;
			buildConfigurations = (
				9E2292962B5B88380060F824 /* Debug */,
				9E2292972B5B88380060F824 /* Release */,
			);
			defaultConfigurationIsVisible = 0;
			defaultConfigurationName = Release;
		};
		9E2292982B5B88380060F824 /* Build configuration list for PBXNativeTarget "hackathonHalyk" */ = {
			isa = XCConfigurationList;
			buildConfigurations = (
				9E2292992B5B88380060F824 /* Debug */,
				9E22929A2B5B88380060F824 /* Release */,
			);
			defaultConfigurationIsVisible = 0;
			defaultConfigurationName = Release;
		};
/* End XCConfigurationList section */

/* Begin XCRemoteSwiftPackageReference section */
		9E2292A32B5B8BAC0060F824 /* XCRemoteSwiftPackageReference "Alamofire" */ = {
			isa = XCRemoteSwiftPackageReference;
			repositoryURL = "https://github.com/Alamofire/Alamofire.git";
			requirement = {
				kind = upToNextMajorVersion;
				minimumVersion = 5.8.1;
			};
		};
		9E7CD2F82B6010C100A858F0 /* XCRemoteSwiftPackageReference "SnapKit" */ = {
			isa = XCRemoteSwiftPackageReference;
			repositoryURL = "https://github.com/SnapKit/SnapKit.git";
			requirement = {
				kind = upToNextMajorVersion;
				minimumVersion = 5.7.0;
			};
		};
/* End XCRemoteSwiftPackageReference section */

/* Begin XCSwiftPackageProductDependency section */
		9E2292A42B5B8BAC0060F824 /* Alamofire */ = {
			isa = XCSwiftPackageProductDependency;
			package = 9E2292A32B5B8BAC0060F824 /* XCRemoteSwiftPackageReference "Alamofire" */;
			productName = Alamofire;
		};
		9E7CD2F92B6010C100A858F0 /* SnapKit */ = {
			isa = XCSwiftPackageProductDependency;
			package = 9E7CD2F82B6010C100A858F0 /* XCRemoteSwiftPackageReference "SnapKit" */;
			productName = SnapKit;
		};
		9E7CD2FB2B6010C100A858F0 /* SnapKit-Dynamic */ = {
			isa = XCSwiftPackageProductDependency;
			package = 9E7CD2F82B6010C100A858F0 /* XCRemoteSwiftPackageReference "SnapKit" */;
			productName = "SnapKit-Dynamic";
		};
/* End XCSwiftPackageProductDependency section */
	};
	rootObject = 9E22927C2B5B88360060F824 /* Project object */;
}
